// !$*UTF8*$!
{
	archiveVersion = 1;
	classes = {
	};
	objectVersion = 46;
	objects = {

/* Begin PBXBuildFile section */
		1170EA731F41FA3600020AB5 /* Contacts.swift in Sources */ = {isa = PBXBuildFile; fileRef = 1170EA721F41FA3600020AB5 /* Contacts.swift */; };
		1170EA751F41FB1400020AB5 /* SQLiteData.swift in Sources */ = {isa = PBXBuildFile; fileRef = 1170EA741F41FB1400020AB5 /* SQLiteData.swift */; };
		11ED91541F41EBEE0016B407 /* AppDelegate.swift in Sources */ = {isa = PBXBuildFile; fileRef = 11ED91531F41EBEE0016B407 /* AppDelegate.swift */; };
		11ED91561F41EBEE0016B407 /* ViewController.swift in Sources */ = {isa = PBXBuildFile; fileRef = 11ED91551F41EBEE0016B407 /* ViewController.swift */; };
		11ED91591F41EBEE0016B407 /* Main.storyboard in Resources */ = {isa = PBXBuildFile; fileRef = 11ED91571F41EBEE0016B407 /* Main.storyboard */; };
		11ED915C1F41EBEE0016B407 /* CarsSQLite.xcdatamodeld in Sources */ = {isa = PBXBuildFile; fileRef = 11ED915A1F41EBEE0016B407 /* CarsSQLite.xcdatamodeld */; };
		11ED915E1F41EBEE0016B407 /* Assets.xcassets in Resources */ = {isa = PBXBuildFile; fileRef = 11ED915D1F41EBEE0016B407 /* Assets.xcassets */; };
		11ED91611F41EBEE0016B407 /* LaunchScreen.storyboard in Resources */ = {isa = PBXBuildFile; fileRef = 11ED915F1F41EBEE0016B407 /* LaunchScreen.storyboard */; };
		8F0842912A39B01A0788D507 /* Pods_CarsSQLite.framework in Frameworks */ = {isa = PBXBuildFile; fileRef = B6291F8294D4B5EE9F26E29F /* Pods_CarsSQLite.framework */; };
/* End PBXBuildFile section */

/* Begin PBXFileReference section */
		1170EA6E1F41F4E200020AB5 /* libsqlite3.0.tbd */ = {isa = PBXFileReference; lastKnownFileType = "sourcecode.text-based-dylib-definition"; name = libsqlite3.0.tbd; path = usr/lib/libsqlite3.0.tbd; sourceTree = SDKROOT; };
		1170EA721F41FA3600020AB5 /* Contacts.swift */ = {isa = PBXFileReference; fileEncoding = 4; lastKnownFileType = sourcecode.swift; path = Contacts.swift; sourceTree = "<group>"; };
		1170EA741F41FB1400020AB5 /* SQLiteData.swift */ = {isa = PBXFileReference; fileEncoding = 4; lastKnownFileType = sourcecode.swift; path = SQLiteData.swift; sourceTree = "<group>"; };
		11ED91501F41EBEE0016B407 /* CarsSQLite.app */ = {isa = PBXFileReference; explicitFileType = wrapper.application; includeInIndex = 0; path = CarsSQLite.app; sourceTree = BUILT_PRODUCTS_DIR; };
		11ED91531F41EBEE0016B407 /* AppDelegate.swift */ = {isa = PBXFileReference; lastKnownFileType = sourcecode.swift; path = AppDelegate.swift; sourceTree = "<group>"; };
		11ED91551F41EBEE0016B407 /* ViewController.swift */ = {isa = PBXFileReference; lastKnownFileType = sourcecode.swift; path = ViewController.swift; sourceTree = "<group>"; };
		11ED91581F41EBEE0016B407 /* Base */ = {isa = PBXFileReference; lastKnownFileType = file.storyboard; name = Base; path = Base.lproj/Main.storyboard; sourceTree = "<group>"; };
		11ED915B1F41EBEE0016B407 /* CarsSQLite.xcdatamodel */ = {isa = PBXFileReference; lastKnownFileType = wrapper.xcdatamodel; path = CarsSQLite.xcdatamodel; sourceTree = "<group>"; };
		11ED915D1F41EBEE0016B407 /* Assets.xcassets */ = {isa = PBXFileReference; lastKnownFileType = folder.assetcatalog; path = Assets.xcassets; sourceTree = "<group>"; };
		11ED91601F41EBEE0016B407 /* Base */ = {isa = PBXFileReference; lastKnownFileType = file.storyboard; name = Base; path = Base.lproj/LaunchScreen.storyboard; sourceTree = "<group>"; };
		11ED91621F41EBEE0016B407 /* Info.plist */ = {isa = PBXFileReference; lastKnownFileType = text.plist.xml; path = Info.plist; sourceTree = "<group>"; };
		51A5E9759C0B1365595FFFF8 /* Pods-CarsSQLite.release.xcconfig */ = {isa = PBXFileReference; includeInIndex = 1; lastKnownFileType = text.xcconfig; name = "Pods-CarsSQLite.release.xcconfig"; path = "Pods/Target Support Files/Pods-CarsSQLite/Pods-CarsSQLite.release.xcconfig"; sourceTree = "<group>"; };
		B25CBA64B695DD761E86C249 /* Pods-CarsSQLite.debug.xcconfig */ = {isa = PBXFileReference; includeInIndex = 1; lastKnownFileType = text.xcconfig; name = "Pods-CarsSQLite.debug.xcconfig"; path = "Pods/Target Support Files/Pods-CarsSQLite/Pods-CarsSQLite.debug.xcconfig"; sourceTree = "<group>"; };
		B6291F8294D4B5EE9F26E29F /* Pods_CarsSQLite.framework */ = {isa = PBXFileReference; explicitFileType = wrapper.framework; includeInIndex = 0; path = Pods_CarsSQLite.framework; sourceTree = BUILT_PRODUCTS_DIR; };
/* End PBXFileReference section */

/* Begin PBXFrameworksBuildPhase section */
		11ED914D1F41EBEE0016B407 /* Frameworks */ = {
			isa = PBXFrameworksBuildPhase;
			buildActionMask = 2147483647;
			files = (
				8F0842912A39B01A0788D507 /* Pods_CarsSQLite.framework in Frameworks */,
			);
			runOnlyForDeploymentPostprocessing = 0;
		};
/* End PBXFrameworksBuildPhase section */

/* Begin PBXGroup section */
		099EDB671C0FDC7EF64956B6 /* Pods */ = {
			isa = PBXGroup;
			children = (
				B25CBA64B695DD761E86C249 /* Pods-CarsSQLite.debug.xcconfig */,
				51A5E9759C0B1365595FFFF8 /* Pods-CarsSQLite.release.xcconfig */,
			);
			name = Pods;
			sourceTree = "<group>";
		};
		11ED91471F41EBEE0016B407 = {
			isa = PBXGroup;
			children = (
				11ED91521F41EBEE0016B407 /* CarsSQLite */,
				11ED91511F41EBEE0016B407 /* Products */,
				099EDB671C0FDC7EF64956B6 /* Pods */,
				4B407B62822A5B7CDFC24301 /* Frameworks */,
			);
			sourceTree = "<group>";
		};
		11ED91511F41EBEE0016B407 /* Products */ = {
			isa = PBXGroup;
			children = (
				11ED91501F41EBEE0016B407 /* CarsSQLite.app */,
			);
			name = Products;
			sourceTree = "<group>";
		};
		11ED91521F41EBEE0016B407 /* CarsSQLite */ = {
			isa = PBXGroup;
			children = (
				11ED91531F41EBEE0016B407 /* AppDelegate.swift */,
				11ED91551F41EBEE0016B407 /* ViewController.swift */,
				1170EA741F41FB1400020AB5 /* SQLiteData.swift */,
				1170EA721F41FA3600020AB5 /* Contacts.swift */,
				11ED91571F41EBEE0016B407 /* Main.storyboard */,
				11ED915D1F41EBEE0016B407 /* Assets.xcassets */,
				11ED915F1F41EBEE0016B407 /* LaunchScreen.storyboard */,
				11ED91621F41EBEE0016B407 /* Info.plist */,
				11ED915A1F41EBEE0016B407 /* CarsSQLite.xcdatamodeld */,
			);
			path = CarsSQLite;
			sourceTree = "<group>";
		};
		4B407B62822A5B7CDFC24301 /* Frameworks */ = {
			isa = PBXGroup;
			children = (
				1170EA6E1F41F4E200020AB5 /* libsqlite3.0.tbd */,
				B6291F8294D4B5EE9F26E29F /* Pods_CarsSQLite.framework */,
			);
			name = Frameworks;
			sourceTree = "<group>";
		};
/* End PBXGroup section */

/* Begin PBXNativeTarget section */
		11ED914F1F41EBEE0016B407 /* CarsSQLite */ = {
			isa = PBXNativeTarget;
			buildConfigurationList = 11ED91651F41EBEE0016B407 /* Build configuration list for PBXNativeTarget "CarsSQLite" */;
			buildPhases = (
				B94977202D32629C2425A693 /* [CP] Check Pods Manifest.lock */,
				11ED914C1F41EBEE0016B407 /* Sources */,
				11ED914D1F41EBEE0016B407 /* Frameworks */,
				11ED914E1F41EBEE0016B407 /* Resources */,
				A1EAAF156E29CF311FDEF6F3 /* [CP] Embed Pods Frameworks */,
				F2052A0A6BEB10425097A975 /* [CP] Copy Pods Resources */,
			);
			buildRules = (
			);
			dependencies = (
			);
			name = CarsSQLite;
			productName = CarsSQLite;
			productReference = 11ED91501F41EBEE0016B407 /* CarsSQLite.app */;
			productType = "com.apple.product-type.application";
		};
/* End PBXNativeTarget section */

/* Begin PBXProject section */
		11ED91481F41EBEE0016B407 /* Project object */ = {
			isa = PBXProject;
			attributes = {
				LastSwiftUpdateCheck = 0830;
				LastUpgradeCheck = 0830;
				ORGANIZATIONNAME = AlexanderKogut;
				TargetAttributes = {
					11ED914F1F41EBEE0016B407 = {
						CreatedOnToolsVersion = 8.3.3;
						ProvisioningStyle = Automatic;
					};
				};
			};
			buildConfigurationList = 11ED914B1F41EBEE0016B407 /* Build configuration list for PBXProject "CarsSQLite" */;
			compatibilityVersion = "Xcode 3.2";
			developmentRegion = English;
			hasScannedForEncodings = 0;
			knownRegions = (
				en,
				Base,
			);
			mainGroup = 11ED91471F41EBEE0016B407;
			productRefGroup = 11ED91511F41EBEE0016B407 /* Products */;
			projectDirPath = "";
			projectRoot = "";
			targets = (
				11ED914F1F41EBEE0016B407 /* CarsSQLite */,
			);
		};
/* End PBXProject section */

/* Begin PBXResourcesBuildPhase section */
		11ED914E1F41EBEE0016B407 /* Resources */ = {
			isa = PBXResourcesBuildPhase;
			buildActionMask = 2147483647;
			files = (
				11ED91611F41EBEE0016B407 /* LaunchScreen.storyboard in Resources */,
				11ED915E1F41EBEE0016B407 /* Assets.xcassets in Resources */,
				11ED91591F41EBEE0016B407 /* Main.storyboard in Resources */,
			);
			runOnlyForDeploymentPostprocessing = 0;
		};
/* End PBXResourcesBuildPhase section */

/* Begin PBXShellScriptBuildPhase section */
		A1EAAF156E29CF311FDEF6F3 /* [CP] Embed Pods Frameworks */ = {
			isa = PBXShellScriptBuildPhase;
			buildActionMask = 2147483647;
			files = (
			);
			inputPaths = (
			);
			name = "[CP] Embed Pods Frameworks";
			outputPaths = (
			);
			runOnlyForDeploymentPostprocessing = 0;
			shellPath = /bin/sh;
			shellScript = "\"${SRCROOT}/Pods/Target Support Files/Pods-CarsSQLite/Pods-CarsSQLite-frameworks.sh\"\n";
			showEnvVarsInLog = 0;
		};
		B94977202D32629C2425A693 /* [CP] Check Pods Manifest.lock */ = {
			isa = PBXShellScriptBuildPhase;
			buildActionMask = 2147483647;
			files = (
			);
			inputPaths = (
			);
			name = "[CP] Check Pods Manifest.lock";
			outputPaths = (
			);
			runOnlyForDeploymentPostprocessing = 0;
			shellPath = /bin/sh;
			shellScript = "diff \"${PODS_PODFILE_DIR_PATH}/Podfile.lock\" \"${PODS_ROOT}/Manifest.lock\" > /dev/null\nif [ $? != 0 ] ; then\n    # print error to STDERR\n    echo \"error: The sandbox is not in sync with the Podfile.lock. Run 'pod install' or update your CocoaPods installation.\" >&2\n    exit 1\nfi\n";
			showEnvVarsInLog = 0;
		};
		F2052A0A6BEB10425097A975 /* [CP] Copy Pods Resources */ = {
			isa = PBXShellScriptBuildPhase;
			buildActionMask = 2147483647;
			files = (
			);
			inputPaths = (
			);
			name = "[CP] Copy Pods Resources";
			outputPaths = (
			);
			runOnlyForDeploymentPostprocessing = 0;
			shellPath = /bin/sh;
			shellScript = "\"${SRCROOT}/Pods/Target Support Files/Pods-CarsSQLite/Pods-CarsSQLite-resources.sh\"\n";
			showEnvVarsInLog = 0;
		};
/* End PBXShellScriptBuildPhase section */

/* Begin PBXSourcesBuildPhase section */
		11ED914C1F41EBEE0016B407 /* Sources */ = {
			isa = PBXSourcesBuildPhase;
			buildActionMask = 2147483647;
			files = (
				1170EA731F41FA3600020AB5 /* Contacts.swift in Sources */,
				1170EA751F41FB1400020AB5 /* SQLiteData.swift in Sources */,
				11ED91561F41EBEE0016B407 /* ViewController.swift in Sources */,
				11ED915C1F41EBEE0016B407 /* CarsSQLite.xcdatamodeld in Sources */,
				11ED91541F41EBEE0016B407 /* AppDelegate.swift in Sources */,
			);
			runOnlyForDeploymentPostprocessing = 0;
		};
/* End PBXSourcesBuildPhase section */

/* Begin PBXVariantGroup section */
		11ED91571F41EBEE0016B407 /* Main.storyboard */ = {
			isa = PBXVariantGroup;
			children = (
				11ED91581F41EBEE0016B407 /* Base */,
			);
			name = Main.storyboard;
			sourceTree = "<group>";
		};
		11ED915F1F41EBEE0016B407 /* LaunchScreen.storyboard */ = {
			isa = PBXVariantGroup;
			children = (
				11ED91601F41EBEE0016B407 /* Base */,
			);
			name = LaunchScreen.storyboard;
			sourceTree = "<group>";
		};
/* End PBXVariantGroup section */

/* Begin XCBuildConfiguration section */
		11ED91631F41EBEE0016B407 /* Debug */ = {
			isa = XCBuildConfiguration;
			buildSettings = {
				ALWAYS_SEARCH_USER_PATHS = NO;
				CLANG_ANALYZER_NONNULL = YES;
				CLANG_ANALYZER_NUMBER_OBJECT_CONVERSION = YES_AGGRESSIVE;
				CLANG_CXX_LANGUAGE_STANDARD = "gnu++0x";
				CLANG_CXX_LIBRARY = "libc++";
				CLANG_ENABLE_MODULES = YES;
				CLANG_ENABLE_OBJC_ARC = YES;
				CLANG_WARN_BOOL_CONVERSION = YES;
				CLANG_WARN_CONSTANT_CONVERSION = YES;
				CLANG_WARN_DIRECT_OBJC_ISA_USAGE = YES_ERROR;
				CLANG_WARN_DOCUMENTATION_COMMENTS = YES;
				CLANG_WARN_EMPTY_BODY = YES;
				CLANG_WARN_ENUM_CONVERSION = YES;
				CLANG_WARN_INFINITE_RECURSION = YES;
				CLANG_WARN_INT_CONVERSION = YES;
				CLANG_WARN_OBJC_ROOT_CLASS = YES_ERROR;
				CLANG_WARN_SUSPICIOUS_MOVE = YES;
				CLANG_WARN_UNREACHABLE_CODE = YES;
				CLANG_WARN__DUPLICATE_METHOD_MATCH = YES;
				"CODE_SIGN_IDENTITY[sdk=iphoneos*]" = "iPhone Developer";
				COPY_PHASE_STRIP = NO;
				DEBUG_INFORMATION_FORMAT = dwarf;
				ENABLE_STRICT_OBJC_MSGSEND = YES;
				ENABLE_TESTABILITY = YES;
				GCC_C_LANGUAGE_STANDARD = gnu99;
				GCC_DYNAMIC_NO_PIC = NO;
				GCC_NO_COMMON_BLOCKS = YES;
				GCC_OPTIMIZATION_LEVEL = 0;
				GCC_PREPROCESSOR_DEFINITIONS = (
					"DEBUG=1",
					"$(inherited)",
				);
				GCC_WARN_64_TO_32_BIT_CONVERSION = YES;
				GCC_WARN_ABOUT_RETURN_TYPE = YES_ERROR;
				GCC_WARN_UNDECLARED_SELECTOR = YES;
				GCC_WARN_UNINITIALIZED_AUTOS = YES_AGGRESSIVE;
				GCC_WARN_UNUSED_FUNCTION = YES;
				GCC_WARN_UNUSED_VARIABLE = YES;
				IPHONEOS_DEPLOYMENT_TARGET = 10.3;
				MTL_ENABLE_DEBUG_INFO = YES;
				ONLY_ACTIVE_ARCH = YES;
				SDKROOT = iphoneos;
				SWIFT_ACTIVE_COMPILATION_CONDITIONS = DEBUG;
				SWIFT_OPTIMIZATION_LEVEL = "-Onone";
			};
			name = Debug;
		};
		11ED91641F41EBEE0016B407 /* Release */ = {
			isa = XCBuildConfiguration;
			buildSettings = {
				ALWAYS_SEARCH_USER_PATHS = NO;
				CLANG_ANALYZER_NONNULL = YES;
				CLANG_ANALYZER_NUMBER_OBJECT_CONVERSION = YES_AGGRESSIVE;
				CLANG_CXX_LANGUAGE_STANDARD = "gnu++0x";
				CLANG_CXX_LIBRARY = "libc++";
				CLANG_ENABLE_MODULES = YES;
				CLANG_ENABLE_OBJC_ARC = YES;
				CLANG_WARN_BOOL_CONVERSION = YES;
				CLANG_WARN_CONSTANT_CONVERSION = YES;
				CLANG_WARN_DIRECT_OBJC_ISA_USAGE = YES_ERROR;
				CLANG_WARN_DOCUMENTATION_COMMENTS = YES;
				CLANG_WARN_EMPTY_BODY = YES;
				CLANG_WARN_ENUM_CONVERSION = YES;
				CLANG_WARN_INFINITE_RECURSION = YES;
				CLANG_WARN_INT_CONVERSION = YES;
				CLANG_WARN_OBJC_ROOT_CLASS = YES_ERROR;
				CLANG_WARN_SUSPICIOUS_MOVE = YES;
				CLANG_WARN_UNREACHABLE_CODE = YES;
				CLANG_WARN__DUPLICATE_METHOD_MATCH = YES;
				"CODE_SIGN_IDENTITY[sdk=iphoneos*]" = "iPhone Developer";
				COPY_PHASE_STRIP = NO;
				DEBUG_INFORMATION_FORMAT = "dwarf-with-dsym";
				ENABLE_NS_ASSERTIONS = NO;
				ENABLE_STRICT_OBJC_MSGSEND = YES;
				GCC_C_LANGUAGE_STANDARD = gnu99;
				GCC_NO_COMMON_BLOCKS = YES;
				GCC_WARN_64_TO_32_BIT_CONVERSION = YES;
				GCC_WARN_ABOUT_RETURN_TYPE = YES_ERROR;
				GCC_WARN_UNDECLARED_SELECTOR = YES;
				GCC_WARN_UNINITIALIZED_AUTOS = YES_AGGRESSIVE;
				GCC_WARN_UNUSED_FUNCTION = YES;
				GCC_WARN_UNUSED_VARIABLE = YES;
				IPHONEOS_DEPLOYMENT_TARGET = 10.3;
				MTL_ENABLE_DEBUG_INFO = NO;
				SDKROOT = iphoneos;
				SWIFT_OPTIMIZATION_LEVEL = "-Owholemodule";
				VALIDATE_PRODUCT = YES;
			};
			name = Release;
		};
		11ED91661F41EBEE0016B407 /* Debug */ = {
			isa = XCBuildConfiguration;
			baseConfigurationReference = B25CBA64B695DD761E86C249 /* Pods-CarsSQLite.debug.xcconfig */;
			buildSettings = {
				ASSETCATALOG_COMPILER_APPICON_NAME = AppIcon;
				INFOPLIST_FILE = CarsSQLite/Info.plist;
				LD_RUNPATH_SEARCH_PATHS = "$(inherited) @executable_path/Frameworks";
				PRODUCT_BUNDLE_IDENTIFIER = AlexanderKogut.CarsSQLite;
				PRODUCT_NAME = "$(TARGET_NAME)";
				SWIFT_VERSION = 3.0;
			};
			name = Debug;
		};
		11ED91671F41EBEE0016B407 /* Release */ = {
			isa = XCBuildConfiguration;
			baseConfigurationReference = 51A5E9759C0B1365595FFFF8 /* Pods-CarsSQLite.release.xcconfig */;
			buildSettings = {
				ASSETCATALOG_COMPILER_APPICON_NAME = AppIcon;
				INFOPLIST_FILE = CarsSQLite/Info.plist;
				LD_RUNPATH_SEARCH_PATHS = "$(inherited) @executable_path/Frameworks";
				PRODUCT_BUNDLE_IDENTIFIER = AlexanderKogut.CarsSQLite;
				PRODUCT_NAME = "$(TARGET_NAME)";
				SWIFT_VERSION = 3.0;
			};
			name = Release;
		};
/* End XCBuildConfiguration section */

/* Begin XCConfigurationList section */
		11ED914B1F41EBEE0016B407 /* Build configuration list for PBXProject "CarsSQLite" */ = {
			isa = XCConfigurationList;
			buildConfigurations = (
				11ED91631F41EBEE0016B407 /* Debug */,
				11ED91641F41EBEE0016B407 /* Release */,
			);
			defaultConfigurationIsVisible = 0;
			defaultConfigurationName = Release;
		};
		11ED91651F41EBEE0016B407 /* Build configuration list for PBXNativeTarget "CarsSQLite" */ = {
			isa = XCConfigurationList;
			buildConfigurations = (
				11ED91661F41EBEE0016B407 /* Debug */,
				11ED91671F41EBEE0016B407 /* Release */,
			);
			defaultConfigurationIsVisible = 0;
			defaultConfigurationName = Release;
		};
/* End XCConfigurationList section */

/* Begin XCVersionGroup section */
		11ED915A1F41EBEE0016B407 /* CarsSQLite.xcdatamodeld */ = {
			isa = XCVersionGroup;
			children = (
				11ED915B1F41EBEE0016B407 /* CarsSQLite.xcdatamodel */,
			);
			currentVersion = 11ED915B1F41EBEE0016B407 /* CarsSQLite.xcdatamodel */;
			path = CarsSQLite.xcdatamodeld;
			sourceTree = "<group>";
			versionGroupType = wrapper.xcdatamodel;
		};
/* End XCVersionGroup section */
	};
	rootObject = 11ED91481F41EBEE0016B407 /* Project object */;
}
